
Microsoft Visual Studio Solution File, Format Version 12.00
# Visual Studio Version 17
VisualStudioVersion = 17.0.31903.59
MinimumVisualStudioVersion = 10.0.40219.1
Project("{2150E333-8FDC-42A3-9474-1A3956D46DE8}") = "src", "src", "{7C3F749E-02CA-4DC6-928A-E4D5ABBF12A4}"
EndProject
Project("{FAE04EC0-301F-11D3-BF4B-00C04F79EFBC}") = "Rookie.Application", "src\Rookie.Application\Rookie.Application.csproj", "{8169B5B4-CB0F-4481-A62C-4B281605A9AB}"
EndProject
Project("{FAE04EC0-301F-11D3-BF4B-00C04F79EFBC}") = "Rookie.Domain", "src\Rookie.Domain\Rookie.Domain.csproj", "{58034DFB-FCC3-4E36-8050-B1AF9F26EC28}"
EndProject
Project("{FAE04EC0-301F-11D3-BF4B-00C04F79EFBC}") = "Rookie.Persistence", "src\Rookie.Persistence\Rookie.Persistence.csproj", "{1A046149-6BBC-4FE6-8E73-41CDCDA78714}"
EndProject
Global
	GlobalSection(SolutionConfigurationPlatforms) = preSolution
		Debug|Any CPU = Debug|Any CPU
		Release|Any CPU = Release|Any CPU
	EndGlobalSection
	GlobalSection(SolutionProperties) = preSolution
		HideSolutionNode = FALSE
	EndGlobalSection
	GlobalSection(ProjectConfigurationPlatforms) = postSolution
		{8169B5B4-CB0F-4481-A62C-4B281605A9AB}.Debug|Any CPU.ActiveCfg = Debug|Any CPU
		{8169B5B4-CB0F-4481-A62C-4B281605A9AB}.Debug|Any CPU.Build.0 = Debug|Any CPU
		{8169B5B4-CB0F-4481-A62C-4B281605A9AB}.Release|Any CPU.ActiveCfg = Release|Any CPU
		{8169B5B4-CB0F-4481-A62C-4B281605A9AB}.Release|Any CPU.Build.0 = Release|Any CPU
		{58034DFB-FCC3-4E36-8050-B1AF9F26EC28}.Debug|Any CPU.ActiveCfg = Debug|Any CPU
		{58034DFB-FCC3-4E36-8050-B1AF9F26EC28}.Debug|Any CPU.Build.0 = Debug|Any CPU
		{58034DFB-FCC3-4E36-8050-B1AF9F26EC28}.Release|Any CPU.ActiveCfg = Release|Any CPU
		{58034DFB-FCC3-4E36-8050-B1AF9F26EC28}.Release|Any CPU.Build.0 = Release|Any CPU
		{1A046149-6BBC-4FE6-8E73-41CDCDA78714}.Debug|Any CPU.ActiveCfg = Debug|Any CPU
		{1A046149-6BBC-4FE6-8E73-41CDCDA78714}.Debug|Any CPU.Build.0 = Debug|Any CPU
		{1A046149-6BBC-4FE6-8E73-41CDCDA78714}.Release|Any CPU.ActiveCfg = Release|Any CPU
		{1A046149-6BBC-4FE6-8E73-41CDCDA78714}.Release|Any CPU.Build.0 = Release|Any CPU
	EndGlobalSection
	GlobalSection(NestedProjects) = preSolution
		{8169B5B4-CB0F-4481-A62C-4B281605A9AB} = {7C3F749E-02CA-4DC6-928A-E4D5ABBF12A4}
		{58034DFB-FCC3-4E36-8050-B1AF9F26EC28} = {7C3F749E-02CA-4DC6-928A-E4D5ABBF12A4}
		{1A046149-6BBC-4FE6-8E73-41CDCDA78714} = {7C3F749E-02CA-4DC6-928A-E4D5ABBF12A4}
	EndGlobalSection
EndGlobal
