
Microsoft Visual Studio Solution File, Format Version 12.00
# Visual Studio Version 17
VisualStudioVersion = 17.0.31903.59
MinimumVisualStudioVersion = 10.0.40219.1
Project("{2150E333-8FDC-42A3-9474-1A3956D46DE8}") = "src", "src", "{0F7A6F33-E1FF-4EB9-BAFB-D0E803CECA56}"
EndProject
Project("{FAE04EC0-301F-11D3-BF4B-00C04F79EFBC}") = "Rookie.Application", "src\Rookie.Application\Rookie.Application.csproj", "{C1F38027-ED4E-4DDC-998D-278F9E9EAAEF}"
EndProject
Project("{FAE04EC0-301F-11D3-BF4B-00C04F79EFBC}") = "Rookie.Domain", "src\Rookie.Domain\Rookie.Domain.csproj", "{53BFF38D-BECC-4299-B40A-FF3B19856E1E}"
EndProject
Project("{FAE04EC0-301F-11D3-BF4B-00C04F79EFBC}") = "Rookie.Persistence", "src\Rookie.Persistence\Rookie.Persistence.csproj", "{216DF04D-09AC-43EE-8504-6BC17110E687}"
EndProject
Project("{FAE04EC0-301F-11D3-BF4B-00C04F79EFBC}") = "Rookie.WebApi", "src\Rookie.WebApi\Rookie.WebApi.csproj", "{7F819662-D9F8-4F05-9E76-A4CC77A8E8B4}"
EndProject
Project("{FAE04EC0-301F-11D3-BF4B-00C04F79EFBC}") = "Rookie.Mvc", "src\Rookie.Mvc\Rookie.Mvc.csproj", "{EA84CDEB-05F3-4AB1-B785-E5ACB193D6DA}"
EndProject
Project("{FAE04EC0-301F-11D3-BF4B-00C04F79EFBC}") = "Rookie.Infrastructure", "src\Rookie.Infrastructure\Rookie.Infrastructure.csproj", "{B952A8E9-9369-43BC-82EE-B71D8B9A3DF4}"
EndProject
Global
	GlobalSection(SolutionConfigurationPlatforms) = preSolution
		Debug|Any CPU = Debug|Any CPU
		Release|Any CPU = Release|Any CPU
	EndGlobalSection
	GlobalSection(SolutionProperties) = preSolution
		HideSolutionNode = FALSE
	EndGlobalSection
	GlobalSection(ProjectConfigurationPlatforms) = postSolution
		{C1F38027-ED4E-4DDC-998D-278F9E9EAAEF}.Debug|Any CPU.ActiveCfg = Debug|Any CPU
		{C1F38027-ED4E-4DDC-998D-278F9E9EAAEF}.Debug|Any CPU.Build.0 = Debug|Any CPU
		{C1F38027-ED4E-4DDC-998D-278F9E9EAAEF}.Release|Any CPU.ActiveCfg = Release|Any CPU
		{C1F38027-ED4E-4DDC-998D-278F9E9EAAEF}.Release|Any CPU.Build.0 = Release|Any CPU
		{53BFF38D-BECC-4299-B40A-FF3B19856E1E}.Debug|Any CPU.ActiveCfg = Debug|Any CPU
		{53BFF38D-BECC-4299-B40A-FF3B19856E1E}.Debug|Any CPU.Build.0 = Debug|Any CPU
		{53BFF38D-BECC-4299-B40A-FF3B19856E1E}.Release|Any CPU.ActiveCfg = Release|Any CPU
		{53BFF38D-BECC-4299-B40A-FF3B19856E1E}.Release|Any CPU.Build.0 = Release|Any CPU
		{216DF04D-09AC-43EE-8504-6BC17110E687}.Debug|Any CPU.ActiveCfg = Debug|Any CPU
		{216DF04D-09AC-43EE-8504-6BC17110E687}.Debug|Any CPU.Build.0 = Debug|Any CPU
		{216DF04D-09AC-43EE-8504-6BC17110E687}.Release|Any CPU.ActiveCfg = Release|Any CPU
		{216DF04D-09AC-43EE-8504-6BC17110E687}.Release|Any CPU.Build.0 = Release|Any CPU
		{7F819662-D9F8-4F05-9E76-A4CC77A8E8B4}.Debug|Any CPU.ActiveCfg = Debug|Any CPU
		{7F819662-D9F8-4F05-9E76-A4CC77A8E8B4}.Debug|Any CPU.Build.0 = Debug|Any CPU
		{7F819662-D9F8-4F05-9E76-A4CC77A8E8B4}.Release|Any CPU.ActiveCfg = Release|Any CPU
		{7F819662-D9F8-4F05-9E76-A4CC77A8E8B4}.Release|Any CPU.Build.0 = Release|Any CPU
		{EA84CDEB-05F3-4AB1-B785-E5ACB193D6DA}.Debug|Any CPU.ActiveCfg = Debug|Any CPU
		{EA84CDEB-05F3-4AB1-B785-E5ACB193D6DA}.Debug|Any CPU.Build.0 = Debug|Any CPU
		{EA84CDEB-05F3-4AB1-B785-E5ACB193D6DA}.Release|Any CPU.ActiveCfg = Release|Any CPU
		{EA84CDEB-05F3-4AB1-B785-E5ACB193D6DA}.Release|Any CPU.Build.0 = Release|Any CPU
		{7B1F7D58-2F16-4155-A54A-768CC7AC939D}.Debug|Any CPU.ActiveCfg = Debug|Any CPU
		{7B1F7D58-2F16-4155-A54A-768CC7AC939D}.Debug|Any CPU.Build.0 = Debug|Any CPU
		{7B1F7D58-2F16-4155-A54A-768CC7AC939D}.Release|Any CPU.ActiveCfg = Release|Any CPU
		{7B1F7D58-2F16-4155-A54A-768CC7AC939D}.Release|Any CPU.Build.0 = Release|Any CPU
		{B952A8E9-9369-43BC-82EE-B71D8B9A3DF4}.Debug|Any CPU.ActiveCfg = Debug|Any CPU
		{B952A8E9-9369-43BC-82EE-B71D8B9A3DF4}.Debug|Any CPU.Build.0 = Debug|Any CPU
		{B952A8E9-9369-43BC-82EE-B71D8B9A3DF4}.Release|Any CPU.ActiveCfg = Release|Any CPU
		{B952A8E9-9369-43BC-82EE-B71D8B9A3DF4}.Release|Any CPU.Build.0 = Release|Any CPU
	EndGlobalSection
	GlobalSection(NestedProjects) = preSolution
		{C1F38027-ED4E-4DDC-998D-278F9E9EAAEF} = {0F7A6F33-E1FF-4EB9-BAFB-D0E803CECA56}
		{53BFF38D-BECC-4299-B40A-FF3B19856E1E} = {0F7A6F33-E1FF-4EB9-BAFB-D0E803CECA56}
		{216DF04D-09AC-43EE-8504-6BC17110E687} = {0F7A6F33-E1FF-4EB9-BAFB-D0E803CECA56}
		{7F819662-D9F8-4F05-9E76-A4CC77A8E8B4} = {0F7A6F33-E1FF-4EB9-BAFB-D0E803CECA56}
		{EA84CDEB-05F3-4AB1-B785-E5ACB193D6DA} = {0F7A6F33-E1FF-4EB9-BAFB-D0E803CECA56}
		{B952A8E9-9369-43BC-82EE-B71D8B9A3DF4} = {0F7A6F33-E1FF-4EB9-BAFB-D0E803CECA56}
	EndGlobalSection
EndGlobal
